
Microsoft Visual Studio Solution File, Format Version 12.00
# Visual Studio 2012
Project("{FAE04EC0-301F-11D3-BF4B-00C04F79EFBC}") = "XFTabBar", "XFTabBar\XFTabBar.csproj", "{E0A78D6E-F564-4B1E-8FA3-F8AB20357AD3}"
EndProject
Project("{FAE04EC0-301F-11D3-BF4B-00C04F79EFBC}") = "XFTabBar.iOS", "iOS\XFTabBar.iOS.csproj", "{7EBB64F4-59F7-4CA9-B184-E42FB3969D72}"
EndProject
Project("{FAE04EC0-301F-11D3-BF4B-00C04F79EFBC}") = "XFTabBar.Droid", "Droid\XFTabBar.Droid.csproj", "{B036E1F0-A274-4432-A0C5-BD69909FAC3A}"
EndProject
Global
	GlobalSection(SolutionConfigurationPlatforms) = preSolution
		Debug|Any CPU = Debug|Any CPU
		Release|Any CPU = Release|Any CPU
		Debug|iPhoneSimulator = Debug|iPhoneSimulator
		Release|iPhone = Release|iPhone
		Release|iPhoneSimulator = Release|iPhoneSimulator
		Debug|iPhone = Debug|iPhone
	EndGlobalSection
	GlobalSection(ProjectConfigurationPlatforms) = postSolution
		{E0A78D6E-F564-4B1E-8FA3-F8AB20357AD3}.Debug|Any CPU.ActiveCfg = Debug|Any CPU
		{E0A78D6E-F564-4B1E-8FA3-F8AB20357AD3}.Debug|Any CPU.Build.0 = Debug|Any CPU
		{E0A78D6E-F564-4B1E-8FA3-F8AB20357AD3}.Release|Any CPU.ActiveCfg = Release|Any CPU
		{E0A78D6E-F564-4B1E-8FA3-F8AB20357AD3}.Release|Any CPU.Build.0 = Release|Any CPU
		{E0A78D6E-F564-4B1E-8FA3-F8AB20357AD3}.Debug|iPhoneSimulator.ActiveCfg = Debug|Any CPU
		{E0A78D6E-F564-4B1E-8FA3-F8AB20357AD3}.Debug|iPhoneSimulator.Build.0 = Debug|Any CPU
		{E0A78D6E-F564-4B1E-8FA3-F8AB20357AD3}.Release|iPhone.ActiveCfg = Release|Any CPU
		{E0A78D6E-F564-4B1E-8FA3-F8AB20357AD3}.Release|iPhone.Build.0 = Release|Any CPU
		{E0A78D6E-F564-4B1E-8FA3-F8AB20357AD3}.Release|iPhoneSimulator.ActiveCfg = Release|Any CPU
		{E0A78D6E-F564-4B1E-8FA3-F8AB20357AD3}.Release|iPhoneSimulator.Build.0 = Release|Any CPU
		{E0A78D6E-F564-4B1E-8FA3-F8AB20357AD3}.Debug|iPhone.ActiveCfg = Debug|Any CPU
		{E0A78D6E-F564-4B1E-8FA3-F8AB20357AD3}.Debug|iPhone.Build.0 = Debug|Any CPU
		{7EBB64F4-59F7-4CA9-B184-E42FB3969D72}.Debug|Any CPU.ActiveCfg = Debug|iPhoneSimulator
		{7EBB64F4-59F7-4CA9-B184-E42FB3969D72}.Debug|Any CPU.Build.0 = Debug|iPhoneSimulator
		{7EBB64F4-59F7-4CA9-B184-E42FB3969D72}.Release|Any CPU.ActiveCfg = Debug|iPhoneSimulator
		{7EBB64F4-59F7-4CA9-B184-E42FB3969D72}.Release|Any CPU.Build.0 = Debug|iPhoneSimulator
		{7EBB64F4-59F7-4CA9-B184-E42FB3969D72}.Debug|iPhoneSimulator.ActiveCfg = Debug|iPhoneSimulator
		{7EBB64F4-59F7-4CA9-B184-E42FB3969D72}.Debug|iPhoneSimulator.Build.0 = Debug|iPhoneSimulator
		{7EBB64F4-59F7-4CA9-B184-E42FB3969D72}.Release|iPhone.ActiveCfg = Release|iPhone
		{7EBB64F4-59F7-4CA9-B184-E42FB3969D72}.Release|iPhone.Build.0 = Release|iPhone
		{7EBB64F4-59F7-4CA9-B184-E42FB3969D72}.Release|iPhoneSimulator.ActiveCfg = Release|iPhoneSimulator
		{7EBB64F4-59F7-4CA9-B184-E42FB3969D72}.Release|iPhoneSimulator.Build.0 = Release|iPhoneSimulator
		{7EBB64F4-59F7-4CA9-B184-E42FB3969D72}.Debug|iPhone.ActiveCfg = Debug|iPhone
		{7EBB64F4-59F7-4CA9-B184-E42FB3969D72}.Debug|iPhone.Build.0 = Debug|iPhone
		{B036E1F0-A274-4432-A0C5-BD69909FAC3A}.Debug|Any CPU.ActiveCfg = Debug|Any CPU
		{B036E1F0-A274-4432-A0C5-BD69909FAC3A}.Debug|Any CPU.Build.0 = Debug|Any CPU
		{B036E1F0-A274-4432-A0C5-BD69909FAC3A}.Release|Any CPU.ActiveCfg = Release|Any CPU
		{B036E1F0-A274-4432-A0C5-BD69909FAC3A}.Release|Any CPU.Build.0 = Release|Any CPU
		{B036E1F0-A274-4432-A0C5-BD69909FAC3A}.Debug|iPhoneSimulator.ActiveCfg = Debug|Any CPU
		{B036E1F0-A274-4432-A0C5-BD69909FAC3A}.Debug|iPhoneSimulator.Build.0 = Debug|Any CPU
		{B036E1F0-A274-4432-A0C5-BD69909FAC3A}.Release|iPhone.ActiveCfg = Release|Any CPU
		{B036E1F0-A274-4432-A0C5-BD69909FAC3A}.Release|iPhone.Build.0 = Release|Any CPU
		{B036E1F0-A274-4432-A0C5-BD69909FAC3A}.Release|iPhoneSimulator.ActiveCfg = Release|Any CPU
		{B036E1F0-A274-4432-A0C5-BD69909FAC3A}.Release|iPhoneSimulator.Build.0 = Release|Any CPU
		{B036E1F0-A274-4432-A0C5-BD69909FAC3A}.Debug|iPhone.ActiveCfg = Debug|Any CPU
		{B036E1F0-A274-4432-A0C5-BD69909FAC3A}.Debug|iPhone.Build.0 = Debug|Any CPU
	EndGlobalSection
EndGlobal
